<?xml version="1.0" encoding="utf-8"?>
<Project ToolsVersion="4.0" xmlns="http://schemas.microsoft.com/developer/msbuild/2003">
  <ItemGroup>
    <Filter Include="Source Files">
      <UniqueIdentifier>{4FC737F1-C7A5-4376-A066-2A32D752A2FF}</UniqueIdentifier>
      <Extensions>cpp;c;cc;cxx;def;odl;idl;hpj;bat;asm;asmx</Extensions>
    </Filter>
    <Filter Include="Header Files">
      <UniqueIdentifier>{93995380-89BD-4b04-88EB-625FBE52EBFB}</UniqueIdentifier>
      <Extensions>h;hh;hpp;hxx;hm;inl;inc;ipp;xsd</Extensions>
    </Filter>
    <Filter Include="Resource Files">
      <UniqueIdentifier>{67DA6AB6-F800-4c08-8B7A-83BB121AAD01}</UniqueIdentifier>
      <Extensions>rc;ico;cur;bmp;dlg;rc2;rct;bin;rgs;gif;jpg;jpeg;jpe;resx;tiff;tif;png;wav;mfcribbon-ms</Extensions>
    </Filter>
    <Filter Include="Source Files\UnitTesting">
      <UniqueIdentifier>{a894a9d9-3dde-4371-bc89-984f76f6e81c}</UniqueIdentifier>
    </Filter>
    <Filter Include="Header Files\UnitTesting">
      <UniqueIdentifier>{c15c2b79-8ef8-4e98-808c-5a80a6dd910c}</UniqueIdentifier>
    </Filter>
  </ItemGroup>
  <ItemGroup>
    <ClInclude Include="LinkedList.h">
      <Filter>Header Files</Filter>
    </ClInclude>
    <ClInclude Include="Stack.h">
      <Filter>Header Files</Filter>
    </ClInclude>
    <ClInclude Include="SyntaxParser.h">
      <Filter>Header Files</Filter>
    </ClInclude>
    <ClInclude Include="FormulaItem.h">
      <Filter>Header Files</Filter>
    </ClInclude>
    <ClInclude Include="CommonEnums.h">
      <Filter>Header Files</Filter>
    </ClInclude>
    <ClInclude Include="ListToDoubleConverter.h">
      <Filter>Header Files</Filter>
    </ClInclude>
    <ClInclude Include="PostfixConvertor.h">
      <Filter>Header Files</Filter>
    </ClInclude>
    <ClInclude Include="PostficCalculator.h">
      <Filter>Header Files</Filter>
    </ClInclude>
    <ClInclude Include="OperationSolver.h">
      <Filter>Header Files</Filter>
    </ClInclude>
    <ClInclude Include="ArithmeticCalculator.h">
      <Filter>Header Files</Filter>
    </ClInclude>
    <ClInclude Include="ArmitheticCalculatorTestBase.h">
      <Filter>Header Files\UnitTesting</Filter>
    </ClInclude>
  </ItemGroup>
  <ItemGroup>
    <ClCompile Include="Main.cpp">
      <Filter>Source Files</Filter>
    </ClCompile>
    <ClCompile Include="SyntaxParser.cpp">
      <Filter>Source Files</Filter>
    </ClCompile>
    <ClCompile Include="FormulaItem.cpp">
      <Filter>Source Files</Filter>
    </ClCompile>
    <ClCompile Include="ListToDoubleConverter.cpp">
      <Filter>Source Files</Filter>
    </ClCompile>
    <ClCompile Include="PostfixConvertor.cpp">
      <Filter>Source Files</Filter>
    </ClCompile>
    <ClCompile Include="PostfixCalculator.cpp">
      <Filter>Source Files</Filter>
    </ClCompile>
    <ClCompile Include="OperationSolver.cpp">
      <Filter>Source Files</Filter>
    </ClCompile>
    <ClCompile Include="ArithmeticCalculator.cpp">
      <Filter>Source Files</Filter>
    </ClCompile>
    <ClCompile Include="ArmitheticCalculatorTestBase.cpp">
      <Filter>Source Files\UnitTesting</Filter>
    </ClCompile>
  </ItemGroup>
</Project>